
Microsoft Visual Studio Solution File, Format Version 12.00
# Visual Studio 15
Project("{FAE04EC0-301F-11D3-BF4B-00C04F79EFBC}") = "Learning", "Learning\Learning.csproj", "{D903927C-2723-40CC-8E26-63C62063E40A}"
EndProject
Global
	GlobalSection(SolutionConfigurationPlatforms) = preSolution
		Debug|Any CPU = Debug|Any CPU
		Release|Any CPU = Release|Any CPU
	EndGlobalSection
	GlobalSection(ProjectConfigurationPlatforms) = postSolution
		{D903927C-2723-40CC-8E26-63C62063E40A}.Debug|Any CPU.ActiveCfg = Debug|Any CPU
		{D903927C-2723-40CC-8E26-63C62063E40A}.Debug|Any CPU.Build.0 = Debug|Any CPU
		{D903927C-2723-40CC-8E26-63C62063E40A}.Release|Any CPU.ActiveCfg = Release|Any CPU
		{D903927C-2723-40CC-8E26-63C62063E40A}.Release|Any CPU.Build.0 = Release|Any CPU
	EndGlobalSection
EndGlobal
